PODS:
  - Alamofire (4.8.2)
  - BoxSDK (4.1.0):
    - BoxSDK/Core (= 4.1.0)
  - BoxSDK/Core (4.1.0)
  - OAuthSwift (2.1.0)
  - Swifter (2.4.0)
  - SwiftyDropbox (5.1.0):
    - Alamofire (~> 4.8.2)

DEPENDENCIES:
  - BoxSDK (~> 4.0)
  - OAuthSwift
  - Swifter (from `https://github.com/mattdonnelly/Swifter.git`)
  - SwiftyDropbox

SPEC REPOS:
  trunk:
    - Alamofire
    - BoxSDK
    - OAuthSwift
    - SwiftyDropbox

EXTERNAL SOURCES:
  Swifter:
    :git: https://github.com/mattdonnelly/Swifter.git

CHECKOUT OPTIONS:
  Swifter:
    :commit: 7906c9476f612fc2a77c38f4731d4bc618cea6a8
    :git: https://github.com/mattdonnelly/Swifter.git

SPEC CHECKSUMS:
  Alamofire: ae5c501addb7afdbb13687d7f2f722c78734c2d3
  BoxSDK: b6b3cdc40e9cb1df31608dab2b69ec178680af2e
  OAuthSwift: ab1675598273e04355e0282459c328e65c9ddacd
  Swifter: 0955a05325dc182fabfb1468305aef887180e0f1
  SwiftyDropbox: 7ca4961e0340c62c8d6d1ece91d67badfe4c0380

PODFILE CHECKSUM: 4952d27190a55e956e1859555c2d582e133f7b6b

COCOAPODS: 1.9.3
