PODS:
  - Alamofire (4.8.2)
  - BoxSDK (4.4.0):
    - BoxSDK/Core (= 4.4.0)
  - BoxSDK/Core (4.4.0)
  - OAuthSwift (2.1.0)
  - RxCocoa (5.1.1):
    - RxRelay (~> 5)
    - RxSwift (~> 5)
  - RxRelay (5.1.1):
    - RxSwift (~> 5)
  - RxSwift (5.1.1)
  - Swifter (2.4.0)
  - SwiftyDropbox (5.1.0):
    - Alamofire (~> 4.8.2)

DEPENDENCIES:
  - BoxSDK (~> 4.0)
  - OAuthSwift
  - RxCocoa
  - RxSwift
  - Swifter (from `https://github.com/mattdonnelly/Swifter.git`)
  - SwiftyDropbox

SPEC REPOS:
  trunk:
    - Alamofire
    - BoxSDK
    - OAuthSwift
    - RxCocoa
    - RxRelay
    - RxSwift
    - SwiftyDropbox

EXTERNAL SOURCES:
  Swifter:
    :git: https://github.com/mattdonnelly/Swifter.git

CHECKOUT OPTIONS:
  Swifter:
    :commit: 7906c9476f612fc2a77c38f4731d4bc618cea6a8
    :git: https://github.com/mattdonnelly/Swifter.git

SPEC CHECKSUMS:
  Alamofire: ae5c501addb7afdbb13687d7f2f722c78734c2d3
  BoxSDK: 041d5ae9c4045dda753a6ef550e96c75940281dc
  OAuthSwift: ab1675598273e04355e0282459c328e65c9ddacd
  RxCocoa: 32065309a38d29b5b0db858819b5bf9ef038b601
  RxRelay: d77f7d771495f43c556cbc43eebd1bb54d01e8e9
  RxSwift: 81470a2074fa8780320ea5fe4102807cb7118178
  Swifter: 0955a05325dc182fabfb1468305aef887180e0f1
  SwiftyDropbox: 7ca4961e0340c62c8d6d1ece91d67badfe4c0380

PODFILE CHECKSUM: 11d25ed1451c06b8accde293e2e6fd238032e0b5

COCOAPODS: 1.11.2
